
Microsoft Visual Studio Solution File, Format Version 11.00
# Visual Studio 2010
Project("{FAE04EC0-301F-11D3-BF4B-00C04F79EFBC}") = "PlayModeTest", "PlayModeTest.csproj", "{8657acc3-bc6c-130d-9117-eb088a7b4286}"
EndProject
Project("{FAE04EC0-301F-11D3-BF4B-00C04F79EFBC}") = "EditModeTest", "EditModeTest.csproj", "{220be24c-fb7f-5310-ed78-cdd28a88416b}"
EndProject
Global
	GlobalSection(SolutionConfigurationPlatforms) = preSolution
		Debug|Any CPU = Debug|Any CPU
	EndGlobalSection
	GlobalSection(ProjectConfigurationPlatforms) = postSolution
		{8657acc3-bc6c-130d-9117-eb088a7b4286}.Debug|Any CPU.ActiveCfg = Debug|Any CPU
		{8657acc3-bc6c-130d-9117-eb088a7b4286}.Debug|Any CPU.Build.0 = Debug|Any CPU
		{220be24c-fb7f-5310-ed78-cdd28a88416b}.Debug|Any CPU.ActiveCfg = Debug|Any CPU
		{220be24c-fb7f-5310-ed78-cdd28a88416b}.Debug|Any CPU.Build.0 = Debug|Any CPU
	EndGlobalSection
	GlobalSection(SolutionProperties) = preSolution
		HideSolutionNode = FALSE
	EndGlobalSection
EndGlobal
